// !$*UTF8*$!
{
	archiveVersion = 1;
	classes = {
	};
	objectVersion = 46;
	objects = {

/* Begin PBXBuildFile section */
		0132925C1E12D8DC00F758D7 /* ItemsListTableViewCell.swift in Sources */ = {isa = PBXBuildFile; fileRef = 0132925B1E12D8DC00F758D7 /* ItemsListTableViewCell.swift */; };
		013292681E140F4600F758D7 /* Model.xcdatamodeld in Sources */ = {isa = PBXBuildFile; fileRef = 013292661E140F4600F758D7 /* Model.xcdatamodeld */; };
		0132926C1E140F9D00F758D7 /* CoredataStack.swift in Sources */ = {isa = PBXBuildFile; fileRef = 0132926B1E140F9D00F758D7 /* CoredataStack.swift */; };
		013292811E14E5A700F758D7 /* EventDetailsViewController.swift in Sources */ = {isa = PBXBuildFile; fileRef = 013292801E14E5A700F758D7 /* EventDetailsViewController.swift */; };
		013292881E14F24C00F758D7 /* MGSwipeButton.m in Sources */ = {isa = PBXBuildFile; fileRef = 013292851E14F24C00F758D7 /* MGSwipeButton.m */; };
		013292891E14F24C00F758D7 /* MGSwipeTableCell.m in Sources */ = {isa = PBXBuildFile; fileRef = 013292871E14F24C00F758D7 /* MGSwipeTableCell.m */; };
		013292AC1E1512AC00F758D7 /* FSCalendar+Deprecated.m in Sources */ = {isa = PBXBuildFile; fileRef = 0132928B1E1512AC00F758D7 /* FSCalendar+Deprecated.m */; };
		013292AD1E1512AC00F758D7 /* FSCalendar.m in Sources */ = {isa = PBXBuildFile; fileRef = 0132928D1E1512AC00F758D7 /* FSCalendar.m */; };
		013292AE1E1512AC00F758D7 /* FSCalendarAnimator.m in Sources */ = {isa = PBXBuildFile; fileRef = 0132928F1E1512AC00F758D7 /* FSCalendarAnimator.m */; };
		013292AF1E1512AC00F758D7 /* FSCalendarAppearance.m in Sources */ = {isa = PBXBuildFile; fileRef = 013292911E1512AC00F758D7 /* FSCalendarAppearance.m */; };
		013292B01E1512AC00F758D7 /* FSCalendarCalculator.m in Sources */ = {isa = PBXBuildFile; fileRef = 013292931E1512AC00F758D7 /* FSCalendarCalculator.m */; };
		013292B11E1512AC00F758D7 /* FSCalendarCell.m in Sources */ = {isa = PBXBuildFile; fileRef = 013292951E1512AC00F758D7 /* FSCalendarCell.m */; };
		013292B21E1512AC00F758D7 /* FSCalendarCollectionView.m in Sources */ = {isa = PBXBuildFile; fileRef = 013292971E1512AC00F758D7 /* FSCalendarCollectionView.m */; };
		013292B31E1512AC00F758D7 /* FSCalendarCollectionViewLayout.m in Sources */ = {isa = PBXBuildFile; fileRef = 013292991E1512AC00F758D7 /* FSCalendarCollectionViewLayout.m */; };
		013292B41E1512AC00F758D7 /* FSCalendarConstants.m in Sources */ = {isa = PBXBuildFile; fileRef = 0132929B1E1512AC00F758D7 /* FSCalendarConstants.m */; };
		013292B51E1512AC00F758D7 /* FSCalendarDelegationFactory.m in Sources */ = {isa = PBXBuildFile; fileRef = 0132929D1E1512AC00F758D7 /* FSCalendarDelegationFactory.m */; };
		013292B61E1512AC00F758D7 /* FSCalendarDelegationProxy.m in Sources */ = {isa = PBXBuildFile; fileRef = 0132929F1E1512AC00F758D7 /* FSCalendarDelegationProxy.m */; };
		013292B71E1512AC00F758D7 /* FSCalendarExtensions.m in Sources */ = {isa = PBXBuildFile; fileRef = 013292A21E1512AC00F758D7 /* FSCalendarExtensions.m */; };
		013292B81E1512AC00F758D7 /* FSCalendarHeaderView.m in Sources */ = {isa = PBXBuildFile; fileRef = 013292A41E1512AC00F758D7 /* FSCalendarHeaderView.m */; };
		013292B91E1512AC00F758D7 /* FSCalendarScopeHandle.m in Sources */ = {isa = PBXBuildFile; fileRef = 013292A61E1512AC00F758D7 /* FSCalendarScopeHandle.m */; };
		013292BA1E1512AC00F758D7 /* FSCalendarStickyHeader.m in Sources */ = {isa = PBXBuildFile; fileRef = 013292A81E1512AC00F758D7 /* FSCalendarStickyHeader.m */; };
		013292BB1E1512AC00F758D7 /* FSCalendarWeekdayView.m in Sources */ = {isa = PBXBuildFile; fileRef = 013292AA1E1512AC00F758D7 /* FSCalendarWeekdayView.m */; };
		013292BC1E1512AC00F758D7 /* Info.plist in Resources */ = {isa = PBXBuildFile; fileRef = 013292AB1E1512AC00F758D7 /* Info.plist */; };
		013292BE1E151CE200F758D7 /* CalendarHandler.swift in Sources */ = {isa = PBXBuildFile; fileRef = 013292BD1E151CE200F758D7 /* CalendarHandler.swift */; };
		018616681E0EFC0A00D9950A /* AppDelegate.swift in Sources */ = {isa = PBXBuildFile; fileRef = 018616671E0EFC0A00D9950A /* AppDelegate.swift */; };
		0186166A1E0EFC0A00D9950A /* ViewController.swift in Sources */ = {isa = PBXBuildFile; fileRef = 018616691E0EFC0A00D9950A /* ViewController.swift */; };
		0186166D1E0EFC0A00D9950A /* Main.storyboard in Resources */ = {isa = PBXBuildFile; fileRef = 0186166B1E0EFC0A00D9950A /* Main.storyboard */; };
		0186166F1E0EFC0A00D9950A /* Assets.xcassets in Resources */ = {isa = PBXBuildFile; fileRef = 0186166E1E0EFC0A00D9950A /* Assets.xcassets */; };
		018616721E0EFC0A00D9950A /* LaunchScreen.storyboard in Resources */ = {isa = PBXBuildFile; fileRef = 018616701E0EFC0A00D9950A /* LaunchScreen.storyboard */; };
		0186167D1E0EFC0A00D9950A /* MyDoTests.swift in Sources */ = {isa = PBXBuildFile; fileRef = 0186167C1E0EFC0A00D9950A /* MyDoTests.swift */; };
		018616881E0EFC0A00D9950A /* MyDoUITests.swift in Sources */ = {isa = PBXBuildFile; fileRef = 018616871E0EFC0A00D9950A /* MyDoUITests.swift */; };
		018616981E0EFC6000D9950A /* Fabric.framework in Frameworks */ = {isa = PBXBuildFile; fileRef = 018616961E0EFC6000D9950A /* Fabric.framework */; };
		018616991E0EFC6000D9950A /* Crashlytics.framework in Frameworks */ = {isa = PBXBuildFile; fileRef = 018616971E0EFC6000D9950A /* Crashlytics.framework */; };
/* End PBXBuildFile section */

/* Begin PBXContainerItemProxy section */
		018616791E0EFC0A00D9950A /* PBXContainerItemProxy */ = {
			isa = PBXContainerItemProxy;
			containerPortal = 0186165C1E0EFC0900D9950A /* Project object */;
			proxyType = 1;
			remoteGlobalIDString = 018616631E0EFC0A00D9950A;
			remoteInfo = MyDo;
		};
		018616841E0EFC0A00D9950A /* PBXContainerItemProxy */ = {
			isa = PBXContainerItemProxy;
			containerPortal = 0186165C1E0EFC0900D9950A /* Project object */;
			proxyType = 1;
			remoteGlobalIDString = 018616631E0EFC0A00D9950A;
			remoteInfo = MyDo;
		};
/* End PBXContainerItemProxy section */

/* Begin PBXFileReference section */
		0132925B1E12D8DC00F758D7 /* ItemsListTableViewCell.swift */ = {isa = PBXFileReference; fileEncoding = 4; lastKnownFileType = sourcecode.swift; path = ItemsListTableViewCell.swift; sourceTree = "<group>"; };
		013292671E140F4600F758D7 /* Model.xcdatamodel */ = {isa = PBXFileReference; lastKnownFileType = wrapper.xcdatamodel; path = Model.xcdatamodel; sourceTree = "<group>"; };
		0132926B1E140F9D00F758D7 /* CoredataStack.swift */ = {isa = PBXFileReference; fileEncoding = 4; lastKnownFileType = sourcecode.swift; path = CoredataStack.swift; sourceTree = "<group>"; };
		013292801E14E5A700F758D7 /* EventDetailsViewController.swift */ = {isa = PBXFileReference; fileEncoding = 4; lastKnownFileType = sourcecode.swift; path = EventDetailsViewController.swift; sourceTree = "<group>"; };
		013292831E14F24C00F758D7 /* MyDo-Bridging-Header.h */ = {isa = PBXFileReference; lastKnownFileType = sourcecode.c.h; path = "MyDo-Bridging-Header.h"; sourceTree = "<group>"; };
		013292841E14F24C00F758D7 /* MGSwipeButton.h */ = {isa = PBXFileReference; fileEncoding = 4; lastKnownFileType = sourcecode.c.h; path = MGSwipeButton.h; sourceTree = "<group>"; };
		013292851E14F24C00F758D7 /* MGSwipeButton.m */ = {isa = PBXFileReference; fileEncoding = 4; lastKnownFileType = sourcecode.c.objc; path = MGSwipeButton.m; sourceTree = "<group>"; };
		013292861E14F24C00F758D7 /* MGSwipeTableCell.h */ = {isa = PBXFileReference; fileEncoding = 4; lastKnownFileType = sourcecode.c.h; path = MGSwipeTableCell.h; sourceTree = "<group>"; };
		013292871E14F24C00F758D7 /* MGSwipeTableCell.m */ = {isa = PBXFileReference; fileEncoding = 4; lastKnownFileType = sourcecode.c.objc; path = MGSwipeTableCell.m; sourceTree = "<group>"; };
		0132928B1E1512AC00F758D7 /* FSCalendar+Deprecated.m */ = {isa = PBXFileReference; fileEncoding = 4; lastKnownFileType = sourcecode.c.objc; path = "FSCalendar+Deprecated.m"; sourceTree = "<group>"; };
		0132928C1E1512AC00F758D7 /* FSCalendar.h */ = {isa = PBXFileReference; fileEncoding = 4; lastKnownFileType = sourcecode.c.h; path = FSCalendar.h; sourceTree = "<group>"; };
		0132928D1E1512AC00F758D7 /* FSCalendar.m */ = {isa = PBXFileReference; fileEncoding = 4; lastKnownFileType = sourcecode.c.objc; path = FSCalendar.m; sourceTree = "<group>"; };
		0132928E1E1512AC00F758D7 /* FSCalendarAnimator.h */ = {isa = PBXFileReference; fileEncoding = 4; lastKnownFileType = sourcecode.c.h; path = FSCalendarAnimator.h; sourceTree = "<group>"; };
		0132928F1E1512AC00F758D7 /* FSCalendarAnimator.m */ = {isa = PBXFileReference; fileEncoding = 4; lastKnownFileType = sourcecode.c.objc; path = FSCalendarAnimator.m; sourceTree = "<group>"; };
		013292901E1512AC00F758D7 /* FSCalendarAppearance.h */ = {isa = PBXFileReference; fileEncoding = 4; lastKnownFileType = sourcecode.c.h; path = FSCalendarAppearance.h; sourceTree = "<group>"; };
		013292911E1512AC00F758D7 /* FSCalendarAppearance.m */ = {isa = PBXFileReference; fileEncoding = 4; lastKnownFileType = sourcecode.c.objc; path = FSCalendarAppearance.m; sourceTree = "<group>"; };
		013292921E1512AC00F758D7 /* FSCalendarCalculator.h */ = {isa = PBXFileReference; fileEncoding = 4; lastKnownFileType = sourcecode.c.h; path = FSCalendarCalculator.h; sourceTree = "<group>"; };
		013292931E1512AC00F758D7 /* FSCalendarCalculator.m */ = {isa = PBXFileReference; fileEncoding = 4; lastKnownFileType = sourcecode.c.objc; path = FSCalendarCalculator.m; sourceTree = "<group>"; };
		013292941E1512AC00F758D7 /* FSCalendarCell.h */ = {isa = PBXFileReference; fileEncoding = 4; lastKnownFileType = sourcecode.c.h; path = FSCalendarCell.h; sourceTree = "<group>"; };
		013292951E1512AC00F758D7 /* FSCalendarCell.m */ = {isa = PBXFileReference; fileEncoding = 4; lastKnownFileType = sourcecode.c.objc; path = FSCalendarCell.m; sourceTree = "<group>"; };
		013292961E1512AC00F758D7 /* FSCalendarCollectionView.h */ = {isa = PBXFileReference; fileEncoding = 4; lastKnownFileType = sourcecode.c.h; path = FSCalendarCollectionView.h; sourceTree = "<group>"; };
		013292971E1512AC00F758D7 /* FSCalendarCollectionView.m */ = {isa = PBXFileReference; fileEncoding = 4; lastKnownFileType = sourcecode.c.objc; path = FSCalendarCollectionView.m; sourceTree = "<group>"; };
		013292981E1512AC00F758D7 /* FSCalendarCollectionViewLayout.h */ = {isa = PBXFileReference; fileEncoding = 4; lastKnownFileType = sourcecode.c.h; path = FSCalendarCollectionViewLayout.h; sourceTree = "<group>"; };
		013292991E1512AC00F758D7 /* FSCalendarCollectionViewLayout.m */ = {isa = PBXFileReference; fileEncoding = 4; lastKnownFileType = sourcecode.c.objc; path = FSCalendarCollectionViewLayout.m; sourceTree = "<group>"; };
		0132929A1E1512AC00F758D7 /* FSCalendarConstants.h */ = {isa = PBXFileReference; fileEncoding = 4; lastKnownFileType = sourcecode.c.h; path = FSCalendarConstants.h; sourceTree = "<group>"; };
		0132929B1E1512AC00F758D7 /* FSCalendarConstants.m */ = {isa = PBXFileReference; fileEncoding = 4; lastKnownFileType = sourcecode.c.objc; path = FSCalendarConstants.m; sourceTree = "<group>"; };
		0132929C1E1512AC00F758D7 /* FSCalendarDelegationFactory.h */ = {isa = PBXFileReference; fileEncoding = 4; lastKnownFileType = sourcecode.c.h; path = FSCalendarDelegationFactory.h; sourceTree = "<group>"; };
		0132929D1E1512AC00F758D7 /* FSCalendarDelegationFactory.m */ = {isa = PBXFileReference; fileEncoding = 4; lastKnownFileType = sourcecode.c.objc; path = FSCalendarDelegationFactory.m; sourceTree = "<group>"; };
		0132929E1E1512AC00F758D7 /* FSCalendarDelegationProxy.h */ = {isa = PBXFileReference; fileEncoding = 4; lastKnownFileType = sourcecode.c.h; path = FSCalendarDelegationProxy.h; sourceTree = "<group>"; };
		0132929F1E1512AC00F758D7 /* FSCalendarDelegationProxy.m */ = {isa = PBXFileReference; fileEncoding = 4; lastKnownFileType = sourcecode.c.objc; path = FSCalendarDelegationProxy.m; sourceTree = "<group>"; };
		013292A01E1512AC00F758D7 /* FSCalendarDynamicHeader.h */ = {isa = PBXFileReference; fileEncoding = 4; lastKnownFileType = sourcecode.c.h; path = FSCalendarDynamicHeader.h; sourceTree = "<group>"; };
		013292A11E1512AC00F758D7 /* FSCalendarExtensions.h */ = {isa = PBXFileReference; fileEncoding = 4; lastKnownFileType = sourcecode.c.h; path = FSCalendarExtensions.h; sourceTree = "<group>"; };
		013292A21E1512AC00F758D7 /* FSCalendarExtensions.m */ = {isa = PBXFileReference; fileEncoding = 4; lastKnownFileType = sourcecode.c.objc; path = FSCalendarExtensions.m; sourceTree = "<group>"; };
		013292A31E1512AC00F758D7 /* FSCalendarHeaderView.h */ = {isa = PBXFileReference; fileEncoding = 4; lastKnownFileType = sourcecode.c.h; path = FSCalendarHeaderView.h; sourceTree = "<group>"; };
		013292A41E1512AC00F758D7 /* FSCalendarHeaderView.m */ = {isa = PBXFileReference; fileEncoding = 4; lastKnownFileType = sourcecode.c.objc; path = FSCalendarHeaderView.m; sourceTree = "<group>"; };
		013292A51E1512AC00F758D7 /* FSCalendarScopeHandle.h */ = {isa = PBXFileReference; fileEncoding = 4; lastKnownFileType = sourcecode.c.h; path = FSCalendarScopeHandle.h; sourceTree = "<group>"; };
		013292A61E1512AC00F758D7 /* FSCalendarScopeHandle.m */ = {isa = PBXFileReference; fileEncoding = 4; lastKnownFileType = sourcecode.c.objc; path = FSCalendarScopeHandle.m; sourceTree = "<group>"; };
		013292A71E1512AC00F758D7 /* FSCalendarStickyHeader.h */ = {isa = PBXFileReference; fileEncoding = 4; lastKnownFileType = sourcecode.c.h; path = FSCalendarStickyHeader.h; sourceTree = "<group>"; };
		013292A81E1512AC00F758D7 /* FSCalendarStickyHeader.m */ = {isa = PBXFileReference; fileEncoding = 4; lastKnownFileType = sourcecode.c.objc; path = FSCalendarStickyHeader.m; sourceTree = "<group>"; };
		013292A91E1512AC00F758D7 /* FSCalendarWeekdayView.h */ = {isa = PBXFileReference; fileEncoding = 4; lastKnownFileType = sourcecode.c.h; path = FSCalendarWeekdayView.h; sourceTree = "<group>"; };
		013292AA1E1512AC00F758D7 /* FSCalendarWeekdayView.m */ = {isa = PBXFileReference; fileEncoding = 4; lastKnownFileType = sourcecode.c.objc; path = FSCalendarWeekdayView.m; sourceTree = "<group>"; };
		013292AB1E1512AC00F758D7 /* Info.plist */ = {isa = PBXFileReference; fileEncoding = 4; lastKnownFileType = text.plist.xml; path = Info.plist; sourceTree = "<group>"; };
		013292BD1E151CE200F758D7 /* CalendarHandler.swift */ = {isa = PBXFileReference; fileEncoding = 4; lastKnownFileType = sourcecode.swift; path = CalendarHandler.swift; sourceTree = "<group>"; };
		018616641E0EFC0A00D9950A /* MyDo.app */ = {isa = PBXFileReference; explicitFileType = wrapper.application; includeInIndex = 0; path = MyDo.app; sourceTree = BUILT_PRODUCTS_DIR; };
		018616671E0EFC0A00D9950A /* AppDelegate.swift */ = {isa = PBXFileReference; lastKnownFileType = sourcecode.swift; path = AppDelegate.swift; sourceTree = "<group>"; };
		018616691E0EFC0A00D9950A /* ViewController.swift */ = {isa = PBXFileReference; lastKnownFileType = sourcecode.swift; path = ViewController.swift; sourceTree = "<group>"; };
		0186166C1E0EFC0A00D9950A /* Base */ = {isa = PBXFileReference; lastKnownFileType = file.storyboard; name = Base; path = Base.lproj/Main.storyboard; sourceTree = "<group>"; };
		0186166E1E0EFC0A00D9950A /* Assets.xcassets */ = {isa = PBXFileReference; lastKnownFileType = folder.assetcatalog; path = Assets.xcassets; sourceTree = "<group>"; };
		018616711E0EFC0A00D9950A /* Base */ = {isa = PBXFileReference; lastKnownFileType = file.storyboard; name = Base; path = Base.lproj/LaunchScreen.storyboard; sourceTree = "<group>"; };
		018616731E0EFC0A00D9950A /* Info.plist */ = {isa = PBXFileReference; lastKnownFileType = text.plist.xml; path = Info.plist; sourceTree = "<group>"; };
		018616781E0EFC0A00D9950A /* MyDoTests.xctest */ = {isa = PBXFileReference; explicitFileType = wrapper.cfbundle; includeInIndex = 0; path = MyDoTests.xctest; sourceTree = BUILT_PRODUCTS_DIR; };
		0186167C1E0EFC0A00D9950A /* MyDoTests.swift */ = {isa = PBXFileReference; lastKnownFileType = sourcecode.swift; path = MyDoTests.swift; sourceTree = "<group>"; };
		0186167E1E0EFC0A00D9950A /* Info.plist */ = {isa = PBXFileReference; lastKnownFileType = text.plist.xml; path = Info.plist; sourceTree = "<group>"; };
		018616831E0EFC0A00D9950A /* MyDoUITests.xctest */ = {isa = PBXFileReference; explicitFileType = wrapper.cfbundle; includeInIndex = 0; path = MyDoUITests.xctest; sourceTree = BUILT_PRODUCTS_DIR; };
		018616871E0EFC0A00D9950A /* MyDoUITests.swift */ = {isa = PBXFileReference; lastKnownFileType = sourcecode.swift; path = MyDoUITests.swift; sourceTree = "<group>"; };
		018616891E0EFC0A00D9950A /* Info.plist */ = {isa = PBXFileReference; lastKnownFileType = text.plist.xml; path = Info.plist; sourceTree = "<group>"; };
		018616961E0EFC6000D9950A /* Fabric.framework */ = {isa = PBXFileReference; lastKnownFileType = wrapper.framework; path = Fabric.framework; sourceTree = "<group>"; };
		018616971E0EFC6000D9950A /* Crashlytics.framework */ = {isa = PBXFileReference; lastKnownFileType = wrapper.framework; path = Crashlytics.framework; sourceTree = "<group>"; };
/* End PBXFileReference section */

/* Begin PBXFrameworksBuildPhase section */
		018616611E0EFC0A00D9950A /* Frameworks */ = {
			isa = PBXFrameworksBuildPhase;
			buildActionMask = 2147483647;
			files = (
				018616991E0EFC6000D9950A /* Crashlytics.framework in Frameworks */,
				018616981E0EFC6000D9950A /* Fabric.framework in Frameworks */,
			);
			runOnlyForDeploymentPostprocessing = 0;
		};
		018616751E0EFC0A00D9950A /* Frameworks */ = {
			isa = PBXFrameworksBuildPhase;
			buildActionMask = 2147483647;
			files = (
			);
			runOnlyForDeploymentPostprocessing = 0;
		};
		018616801E0EFC0A00D9950A /* Frameworks */ = {
			isa = PBXFrameworksBuildPhase;
			buildActionMask = 2147483647;
			files = (
			);
			runOnlyForDeploymentPostprocessing = 0;
		};
/* End PBXFrameworksBuildPhase section */

/* Begin PBXGroup section */
		0132926E1E14270900F758D7 /* Model */ = {
			isa = PBXGroup;
			children = (
				013292661E140F4600F758D7 /* Model.xcdatamodeld */,
			);
			name = Model;
			sourceTree = "<group>";
		};
		013292821E14F23F00F758D7 /* SwipeCell */ = {
			isa = PBXGroup;
			children = (
				013292841E14F24C00F758D7 /* MGSwipeButton.h */,
				013292851E14F24C00F758D7 /* MGSwipeButton.m */,
				013292861E14F24C00F758D7 /* MGSwipeTableCell.h */,
				013292871E14F24C00F758D7 /* MGSwipeTableCell.m */,
			);
			name = SwipeCell;
			sourceTree = "<group>";
		};
		0132928A1E1512AC00F758D7 /* FSCalendar */ = {
			isa = PBXGroup;
			children = (
				0132928B1E1512AC00F758D7 /* FSCalendar+Deprecated.m */,
				0132928C1E1512AC00F758D7 /* FSCalendar.h */,
				0132928D1E1512AC00F758D7 /* FSCalendar.m */,
				0132928E1E1512AC00F758D7 /* FSCalendarAnimator.h */,
				0132928F1E1512AC00F758D7 /* FSCalendarAnimator.m */,
				013292901E1512AC00F758D7 /* FSCalendarAppearance.h */,
				013292911E1512AC00F758D7 /* FSCalendarAppearance.m */,
				013292921E1512AC00F758D7 /* FSCalendarCalculator.h */,
				013292931E1512AC00F758D7 /* FSCalendarCalculator.m */,
				013292941E1512AC00F758D7 /* FSCalendarCell.h */,
				013292951E1512AC00F758D7 /* FSCalendarCell.m */,
				013292961E1512AC00F758D7 /* FSCalendarCollectionView.h */,
				013292971E1512AC00F758D7 /* FSCalendarCollectionView.m */,
				013292981E1512AC00F758D7 /* FSCalendarCollectionViewLayout.h */,
				013292991E1512AC00F758D7 /* FSCalendarCollectionViewLayout.m */,
				0132929A1E1512AC00F758D7 /* FSCalendarConstants.h */,
				0132929B1E1512AC00F758D7 /* FSCalendarConstants.m */,
				0132929C1E1512AC00F758D7 /* FSCalendarDelegationFactory.h */,
				0132929D1E1512AC00F758D7 /* FSCalendarDelegationFactory.m */,
				0132929E1E1512AC00F758D7 /* FSCalendarDelegationProxy.h */,
				0132929F1E1512AC00F758D7 /* FSCalendarDelegationProxy.m */,
				013292A01E1512AC00F758D7 /* FSCalendarDynamicHeader.h */,
				013292A11E1512AC00F758D7 /* FSCalendarExtensions.h */,
				013292A21E1512AC00F758D7 /* FSCalendarExtensions.m */,
				013292A31E1512AC00F758D7 /* FSCalendarHeaderView.h */,
				013292A41E1512AC00F758D7 /* FSCalendarHeaderView.m */,
				013292A51E1512AC00F758D7 /* FSCalendarScopeHandle.h */,
				013292A61E1512AC00F758D7 /* FSCalendarScopeHandle.m */,
				013292A71E1512AC00F758D7 /* FSCalendarStickyHeader.h */,
				013292A81E1512AC00F758D7 /* FSCalendarStickyHeader.m */,
				013292A91E1512AC00F758D7 /* FSCalendarWeekdayView.h */,
				013292AA1E1512AC00F758D7 /* FSCalendarWeekdayView.m */,
				013292AB1E1512AC00F758D7 /* Info.plist */,
			);
			path = FSCalendar;
			sourceTree = "<group>";
		};
		0186165B1E0EFC0900D9950A = {
			isa = PBXGroup;
			children = (
				018616661E0EFC0A00D9950A /* MyDo */,
				0186167B1E0EFC0A00D9950A /* MyDoTests */,
				018616861E0EFC0A00D9950A /* MyDoUITests */,
				018616651E0EFC0A00D9950A /* Products */,
			);
			sourceTree = "<group>";
		};
		018616651E0EFC0A00D9950A /* Products */ = {
			isa = PBXGroup;
			children = (
				018616641E0EFC0A00D9950A /* MyDo.app */,
				018616781E0EFC0A00D9950A /* MyDoTests.xctest */,
				018616831E0EFC0A00D9950A /* MyDoUITests.xctest */,
			);
			name = Products;
			sourceTree = "<group>";
		};
		018616661E0EFC0A00D9950A /* MyDo */ = {
			isa = PBXGroup;
			children = (
				0132928A1E1512AC00F758D7 /* FSCalendar */,
				013292821E14F23F00F758D7 /* SwipeCell */,
				0132926E1E14270900F758D7 /* Model */,
				018616671E0EFC0A00D9950A /* AppDelegate.swift */,
				018616691E0EFC0A00D9950A /* ViewController.swift */,
				0132925B1E12D8DC00F758D7 /* ItemsListTableViewCell.swift */,
				013292801E14E5A700F758D7 /* EventDetailsViewController.swift */,
				0132926B1E140F9D00F758D7 /* CoredataStack.swift */,
				013292BD1E151CE200F758D7 /* CalendarHandler.swift */,
				0186166B1E0EFC0A00D9950A /* Main.storyboard */,
				013292831E14F24C00F758D7 /* MyDo-Bridging-Header.h */,
				0186166E1E0EFC0A00D9950A /* Assets.xcassets */,
				018616701E0EFC0A00D9950A /* LaunchScreen.storyboard */,
				018616731E0EFC0A00D9950A /* Info.plist */,
				018616961E0EFC6000D9950A /* Fabric.framework */,
				018616971E0EFC6000D9950A /* Crashlytics.framework */,
			);
			path = MyDo;
			sourceTree = "<group>";
		};
		0186167B1E0EFC0A00D9950A /* MyDoTests */ = {
			isa = PBXGroup;
			children = (
				0186167C1E0EFC0A00D9950A /* MyDoTests.swift */,
				0186167E1E0EFC0A00D9950A /* Info.plist */,
			);
			path = MyDoTests;
			sourceTree = "<group>";
		};
		018616861E0EFC0A00D9950A /* MyDoUITests */ = {
			isa = PBXGroup;
			children = (
				018616871E0EFC0A00D9950A /* MyDoUITests.swift */,
				018616891E0EFC0A00D9950A /* Info.plist */,
			);
			path = MyDoUITests;
			sourceTree = "<group>";
		};
/* End PBXGroup section */

/* Begin PBXNativeTarget section */
		018616631E0EFC0A00D9950A /* MyDo */ = {
			isa = PBXNativeTarget;
			buildConfigurationList = 0186168C1E0EFC0A00D9950A /* Build configuration list for PBXNativeTarget "MyDo" */;
			buildPhases = (
				018616601E0EFC0A00D9950A /* Sources */,
				018616611E0EFC0A00D9950A /* Frameworks */,
				018616621E0EFC0A00D9950A /* Resources */,
				018616951E0EFC4600D9950A /* ShellScript */,
			);
			buildRules = (
			);
			dependencies = (
			);
			name = MyDo;
			productName = MyDo;
			productReference = 018616641E0EFC0A00D9950A /* MyDo.app */;
			productType = "com.apple.product-type.application";
		};
		018616771E0EFC0A00D9950A /* MyDoTests */ = {
			isa = PBXNativeTarget;
			buildConfigurationList = 0186168F1E0EFC0A00D9950A /* Build configuration list for PBXNativeTarget "MyDoTests" */;
			buildPhases = (
				018616741E0EFC0A00D9950A /* Sources */,
				018616751E0EFC0A00D9950A /* Frameworks */,
				018616761E0EFC0A00D9950A /* Resources */,
			);
			buildRules = (
			);
			dependencies = (
				0186167A1E0EFC0A00D9950A /* PBXTargetDependency */,
			);
			name = MyDoTests;
			productName = MyDoTests;
			productReference = 018616781E0EFC0A00D9950A /* MyDoTests.xctest */;
			productType = "com.apple.product-type.bundle.unit-test";
		};
		018616821E0EFC0A00D9950A /* MyDoUITests */ = {
			isa = PBXNativeTarget;
			buildConfigurationList = 018616921E0EFC0A00D9950A /* Build configuration list for PBXNativeTarget "MyDoUITests" */;
			buildPhases = (
				0186167F1E0EFC0A00D9950A /* Sources */,
				018616801E0EFC0A00D9950A /* Frameworks */,
				018616811E0EFC0A00D9950A /* Resources */,
			);
			buildRules = (
			);
			dependencies = (
				018616851E0EFC0A00D9950A /* PBXTargetDependency */,
			);
			name = MyDoUITests;
			productName = MyDoUITests;
			productReference = 018616831E0EFC0A00D9950A /* MyDoUITests.xctest */;
			productType = "com.apple.product-type.bundle.ui-testing";
		};
/* End PBXNativeTarget section */

/* Begin PBXProject section */
		0186165C1E0EFC0900D9950A /* Project object */ = {
			isa = PBXProject;
			attributes = {
				LastSwiftUpdateCheck = 0820;
				LastUpgradeCheck = 0820;
				ORGANIZATIONNAME = eventfy;
				TargetAttributes = {
					018616631E0EFC0A00D9950A = {
						CreatedOnToolsVersion = 8.2.1;
						DevelopmentTeam = V83N2V5JCW;
						LastSwiftMigration = 0820;
						ProvisioningStyle = Automatic;
					};
					018616771E0EFC0A00D9950A = {
						CreatedOnToolsVersion = 8.2.1;
						DevelopmentTeam = V83N2V5JCW;
						ProvisioningStyle = Automatic;
						TestTargetID = 018616631E0EFC0A00D9950A;
					};
					018616821E0EFC0A00D9950A = {
						CreatedOnToolsVersion = 8.2.1;
						DevelopmentTeam = V83N2V5JCW;
						ProvisioningStyle = Automatic;
						TestTargetID = 018616631E0EFC0A00D9950A;
					};
				};
			};
			buildConfigurationList = 0186165F1E0EFC0900D9950A /* Build configuration list for PBXProject "MyDo" */;
			compatibilityVersion = "Xcode 3.2";
			developmentRegion = English;
			hasScannedForEncodings = 0;
			knownRegions = (
				en,
				Base,
			);
			mainGroup = 0186165B1E0EFC0900D9950A;
			productRefGroup = 018616651E0EFC0A00D9950A /* Products */;
			projectDirPath = "";
			projectRoot = "";
			targets = (
				018616631E0EFC0A00D9950A /* MyDo */,
				018616771E0EFC0A00D9950A /* MyDoTests */,
				018616821E0EFC0A00D9950A /* MyDoUITests */,
			);
		};
/* End PBXProject section */

/* Begin PBXResourcesBuildPhase section */
		018616621E0EFC0A00D9950A /* Resources */ = {
			isa = PBXResourcesBuildPhase;
			buildActionMask = 2147483647;
			files = (
				013292BC1E1512AC00F758D7 /* Info.plist in Resources */,
				018616721E0EFC0A00D9950A /* LaunchScreen.storyboard in Resources */,
				0186166F1E0EFC0A00D9950A /* Assets.xcassets in Resources */,
				0186166D1E0EFC0A00D9950A /* Main.storyboard in Resources */,
			);
			runOnlyForDeploymentPostprocessing = 0;
		};
		018616761E0EFC0A00D9950A /* Resources */ = {
			isa = PBXResourcesBuildPhase;
			buildActionMask = 2147483647;
			files = (
			);
			runOnlyForDeploymentPostprocessing = 0;
		};
		018616811E0EFC0A00D9950A /* Resources */ = {
			isa = PBXResourcesBuildPhase;
			buildActionMask = 2147483647;
			files = (
			);
			runOnlyForDeploymentPostprocessing = 0;
		};
/* End PBXResourcesBuildPhase section */

/* Begin PBXShellScriptBuildPhase section */
		018616951E0EFC4600D9950A /* ShellScript */ = {
			isa = PBXShellScriptBuildPhase;
			buildActionMask = 2147483647;
			files = (
			);
			inputPaths = (
			);
			outputPaths = (
			);
			runOnlyForDeploymentPostprocessing = 0;
			shellPath = /bin/sh;
			shellScript = "./Fabric.framework/run 7c5b23b31c258aff2389b52e6ac136e1226f6055 b172c50604d210e4c033a03fbac1425c10aa808584fe8d027787af0cd9bae3cb";
		};
/* End PBXShellScriptBuildPhase section */

/* Begin PBXSourcesBuildPhase section */
		018616601E0EFC0A00D9950A /* Sources */ = {
			isa = PBXSourcesBuildPhase;
			buildActionMask = 2147483647;
			files = (
				013292AF1E1512AC00F758D7 /* FSCalendarAppearance.m in Sources */,
				013292B51E1512AC00F758D7 /* FSCalendarDelegationFactory.m in Sources */,
				013292811E14E5A700F758D7 /* EventDetailsViewController.swift in Sources */,
				013292B41E1512AC00F758D7 /* FSCalendarConstants.m in Sources */,
				013292B71E1512AC00F758D7 /* FSCalendarExtensions.m in Sources */,
				013292B91E1512AC00F758D7 /* FSCalendarScopeHandle.m in Sources */,
				013292891E14F24C00F758D7 /* MGSwipeTableCell.m in Sources */,
				013292BA1E1512AC00F758D7 /* FSCalendarStickyHeader.m in Sources */,
				0132925C1E12D8DC00F758D7 /* ItemsListTableViewCell.swift in Sources */,
				013292B81E1512AC00F758D7 /* FSCalendarHeaderView.m in Sources */,
				013292BB1E1512AC00F758D7 /* FSCalendarWeekdayView.m in Sources */,
				0186166A1E0EFC0A00D9950A /* ViewController.swift in Sources */,
				013292AD1E1512AC00F758D7 /* FSCalendar.m in Sources */,
				013292B31E1512AC00F758D7 /* FSCalendarCollectionViewLayout.m in Sources */,
				013292AE1E1512AC00F758D7 /* FSCalendarAnimator.m in Sources */,
				013292B21E1512AC00F758D7 /* FSCalendarCollectionView.m in Sources */,
				013292B01E1512AC00F758D7 /* FSCalendarCalculator.m in Sources */,
				013292BE1E151CE200F758D7 /* CalendarHandler.swift in Sources */,
				013292B11E1512AC00F758D7 /* FSCalendarCell.m in Sources */,
				0132926C1E140F9D00F758D7 /* CoredataStack.swift in Sources */,
				018616681E0EFC0A00D9950A /* AppDelegate.swift in Sources */,
				013292681E140F4600F758D7 /* Model.xcdatamodeld in Sources */,
				013292AC1E1512AC00F758D7 /* FSCalendar+Deprecated.m in Sources */,
				013292B61E1512AC00F758D7 /* FSCalendarDelegationProxy.m in Sources */,
				013292881E14F24C00F758D7 /* MGSwipeButton.m in Sources */,
			);
			runOnlyForDeploymentPostprocessing = 0;
		};
		018616741E0EFC0A00D9950A /* Sources */ = {
			isa = PBXSourcesBuildPhase;
			buildActionMask = 2147483647;
			files = (
				0186167D1E0EFC0A00D9950A /* MyDoTests.swift in Sources */,
			);
			runOnlyForDeploymentPostprocessing = 0;
		};
		0186167F1E0EFC0A00D9950A /* Sources */ = {
			isa = PBXSourcesBuildPhase;
			buildActionMask = 2147483647;
			files = (
				018616881E0EFC0A00D9950A /* MyDoUITests.swift in Sources */,
			);
			runOnlyForDeploymentPostprocessing = 0;
		};
/* End PBXSourcesBuildPhase section */

/* Begin PBXTargetDependency section */
		0186167A1E0EFC0A00D9950A /* PBXTargetDependency */ = {
			isa = PBXTargetDependency;
			target = 018616631E0EFC0A00D9950A /* MyDo */;
			targetProxy = 018616791E0EFC0A00D9950A /* PBXContainerItemProxy */;
		};
		018616851E0EFC0A00D9950A /* PBXTargetDependency */ = {
			isa = PBXTargetDependency;
			target = 018616631E0EFC0A00D9950A /* MyDo */;
			targetProxy = 018616841E0EFC0A00D9950A /* PBXContainerItemProxy */;
		};
/* End PBXTargetDependency section */

/* Begin PBXVariantGroup section */
		0186166B1E0EFC0A00D9950A /* Main.storyboard */ = {
			isa = PBXVariantGroup;
			children = (
				0186166C1E0EFC0A00D9950A /* Base */,
			);
			name = Main.storyboard;
			sourceTree = "<group>";
		};
		018616701E0EFC0A00D9950A /* LaunchScreen.storyboard */ = {
			isa = PBXVariantGroup;
			children = (
				018616711E0EFC0A00D9950A /* Base */,
			);
			name = LaunchScreen.storyboard;
			sourceTree = "<group>";
		};
/* End PBXVariantGroup section */

/* Begin XCBuildConfiguration section */
		0186168A1E0EFC0A00D9950A /* Debug */ = {
			isa = XCBuildConfiguration;
			buildSettings = {
				ALWAYS_SEARCH_USER_PATHS = NO;
				CLANG_ANALYZER_NONNULL = YES;
				CLANG_CXX_LANGUAGE_STANDARD = "gnu++0x";
				CLANG_CXX_LIBRARY = "libc++";
				CLANG_ENABLE_MODULES = YES;
				CLANG_ENABLE_OBJC_ARC = YES;
				CLANG_WARN_BOOL_CONVERSION = YES;
				CLANG_WARN_CONSTANT_CONVERSION = YES;
				CLANG_WARN_DIRECT_OBJC_ISA_USAGE = YES_ERROR;
				CLANG_WARN_DOCUMENTATION_COMMENTS = YES;
				CLANG_WARN_EMPTY_BODY = YES;
				CLANG_WARN_ENUM_CONVERSION = YES;
				CLANG_WARN_INFINITE_RECURSION = YES;
				CLANG_WARN_INT_CONVERSION = YES;
				CLANG_WARN_OBJC_ROOT_CLASS = YES_ERROR;
				CLANG_WARN_SUSPICIOUS_MOVE = YES;
				CLANG_WARN_UNREACHABLE_CODE = YES;
				CLANG_WARN__DUPLICATE_METHOD_MATCH = YES;
				"CODE_SIGN_IDENTITY[sdk=iphoneos*]" = "iPhone Developer";
				COPY_PHASE_STRIP = NO;
				DEBUG_INFORMATION_FORMAT = dwarf;
				ENABLE_STRICT_OBJC_MSGSEND = YES;
				ENABLE_TESTABILITY = YES;
				GCC_C_LANGUAGE_STANDARD = gnu99;
				GCC_DYNAMIC_NO_PIC = NO;
				GCC_NO_COMMON_BLOCKS = YES;
				GCC_OPTIMIZATION_LEVEL = 0;
				GCC_PREPROCESSOR_DEFINITIONS = (
					"DEBUG=1",
					"$(inherited)",
				);
				GCC_WARN_64_TO_32_BIT_CONVERSION = YES;
				GCC_WARN_ABOUT_RETURN_TYPE = YES_ERROR;
				GCC_WARN_UNDECLARED_SELECTOR = YES;
				GCC_WARN_UNINITIALIZED_AUTOS = YES_AGGRESSIVE;
				GCC_WARN_UNUSED_FUNCTION = YES;
				GCC_WARN_UNUSED_VARIABLE = YES;
				IPHONEOS_DEPLOYMENT_TARGET = 10.2;
				MTL_ENABLE_DEBUG_INFO = YES;
				ONLY_ACTIVE_ARCH = YES;
				SDKROOT = iphoneos;
				SWIFT_ACTIVE_COMPILATION_CONDITIONS = DEBUG;
				SWIFT_OPTIMIZATION_LEVEL = "-Onone";
			};
			name = Debug;
		};
		0186168B1E0EFC0A00D9950A /* Release */ = {
			isa = XCBuildConfiguration;
			buildSettings = {
				ALWAYS_SEARCH_USER_PATHS = NO;
				CLANG_ANALYZER_NONNULL = YES;
				CLANG_CXX_LANGUAGE_STANDARD = "gnu++0x";
				CLANG_CXX_LIBRARY = "libc++";
				CLANG_ENABLE_MODULES = YES;
				CLANG_ENABLE_OBJC_ARC = YES;
				CLANG_WARN_BOOL_CONVERSION = YES;
				CLANG_WARN_CONSTANT_CONVERSION = YES;
				CLANG_WARN_DIRECT_OBJC_ISA_USAGE = YES_ERROR;
				CLANG_WARN_DOCUMENTATION_COMMENTS = YES;
				CLANG_WARN_EMPTY_BODY = YES;
				CLANG_WARN_ENUM_CONVERSION = YES;
				CLANG_WARN_INFINITE_RECURSION = YES;
				CLANG_WARN_INT_CONVERSION = YES;
				CLANG_WARN_OBJC_ROOT_CLASS = YES_ERROR;
				CLANG_WARN_SUSPICIOUS_MOVE = YES;
				CLANG_WARN_UNREACHABLE_CODE = YES;
				CLANG_WARN__DUPLICATE_METHOD_MATCH = YES;
				"CODE_SIGN_IDENTITY[sdk=iphoneos*]" = "iPhone Developer";
				COPY_PHASE_STRIP = NO;
				DEBUG_INFORMATION_FORMAT = "dwarf-with-dsym";
				ENABLE_NS_ASSERTIONS = NO;
				ENABLE_STRICT_OBJC_MSGSEND = YES;
				GCC_C_LANGUAGE_STANDARD = gnu99;
				GCC_NO_COMMON_BLOCKS = YES;
				GCC_WARN_64_TO_32_BIT_CONVERSION = YES;
				GCC_WARN_ABOUT_RETURN_TYPE = YES_ERROR;
				GCC_WARN_UNDECLARED_SELECTOR = YES;
				GCC_WARN_UNINITIALIZED_AUTOS = YES_AGGRESSIVE;
				GCC_WARN_UNUSED_FUNCTION = YES;
				GCC_WARN_UNUSED_VARIABLE = YES;
				IPHONEOS_DEPLOYMENT_TARGET = 10.2;
				MTL_ENABLE_DEBUG_INFO = NO;
				SDKROOT = iphoneos;
				SWIFT_OPTIMIZATION_LEVEL = "-Owholemodule";
				VALIDATE_PRODUCT = YES;
			};
			name = Release;
		};
		0186168D1E0EFC0A00D9950A /* Debug */ = {
			isa = XCBuildConfiguration;
			buildSettings = {
				ASSETCATALOG_COMPILER_APPICON_NAME = AppIcon;
				CLANG_ENABLE_MODULES = YES;
				DEVELOPMENT_TEAM = V83N2V5JCW;
				FRAMEWORK_SEARCH_PATHS = (
					"$(inherited)",
					"$(PROJECT_DIR)/MyDo",
				);
				INFOPLIST_FILE = MyDo/Info.plist;
				IPHONEOS_DEPLOYMENT_TARGET = 9.0;
				LD_RUNPATH_SEARCH_PATHS = "$(inherited) @executable_path/Frameworks";
				PRODUCT_BUNDLE_IDENTIFIER = com.iamcrazymohan.MyDo;
				PRODUCT_NAME = "$(TARGET_NAME)";
				SWIFT_OBJC_BRIDGING_HEADER = "/Users/mohan/Documents/Mohan/MohanPersonal/Git/MyDo/MyDoApp/MyDo/MyDo/MyDo-Bridging-Header.h";
				SWIFT_OPTIMIZATION_LEVEL = "-Onone";
				SWIFT_VERSION = 3.0;
			};
			name = Debug;
		};
		0186168E1E0EFC0A00D9950A /* Release */ = {
			isa = XCBuildConfiguration;
			buildSettings = {
				ASSETCATALOG_COMPILER_APPICON_NAME = AppIcon;
				CLANG_ENABLE_MODULES = YES;
				DEVELOPMENT_TEAM = V83N2V5JCW;
				FRAMEWORK_SEARCH_PATHS = (
					"$(inherited)",
					"$(PROJECT_DIR)/MyDo",
				);
				INFOPLIST_FILE = MyDo/Info.plist;
				IPHONEOS_DEPLOYMENT_TARGET = 9.0;
				LD_RUNPATH_SEARCH_PATHS = "$(inherited) @executable_path/Frameworks";
				PRODUCT_BUNDLE_IDENTIFIER = com.iamcrazymohan.MyDo;
				PRODUCT_NAME = "$(TARGET_NAME)";
				SWIFT_OBJC_BRIDGING_HEADER = "/Users/mohan/Documents/Mohan/MohanPersonal/Git/MyDo/MyDoApp/MyDo/MyDo/MyDo-Bridging-Header.h";
				SWIFT_VERSION = 3.0;
			};
			name = Release;
		};
		018616901E0EFC0A00D9950A /* Debug */ = {
			isa = XCBuildConfiguration;
			buildSettings = {
				ALWAYS_EMBED_SWIFT_STANDARD_LIBRARIES = YES;
				BUNDLE_LOADER = "$(TEST_HOST)";
				DEVELOPMENT_TEAM = V83N2V5JCW;
				INFOPLIST_FILE = MyDoTests/Info.plist;
				LD_RUNPATH_SEARCH_PATHS = "$(inherited) @executable_path/Frameworks @loader_path/Frameworks";
				PRODUCT_BUNDLE_IDENTIFIER = com.iamcrazymohan.MyDoTests;
				PRODUCT_NAME = "$(TARGET_NAME)";
				SWIFT_VERSION = 3.0;
				TEST_HOST = "$(BUILT_PRODUCTS_DIR)/MyDo.app/MyDo";
			};
			name = Debug;
		};
		018616911E0EFC0A00D9950A /* Release */ = {
			isa = XCBuildConfiguration;
			buildSettings = {
				ALWAYS_EMBED_SWIFT_STANDARD_LIBRARIES = YES;
				BUNDLE_LOADER = "$(TEST_HOST)";
				DEVELOPMENT_TEAM = V83N2V5JCW;
				INFOPLIST_FILE = MyDoTests/Info.plist;
				LD_RUNPATH_SEARCH_PATHS = "$(inherited) @executable_path/Frameworks @loader_path/Frameworks";
				PRODUCT_BUNDLE_IDENTIFIER = com.iamcrazymohan.MyDoTests;
				PRODUCT_NAME = "$(TARGET_NAME)";
				SWIFT_VERSION = 3.0;
				TEST_HOST = "$(BUILT_PRODUCTS_DIR)/MyDo.app/MyDo";
			};
			name = Release;
		};
		018616931E0EFC0A00D9950A /* Debug */ = {
			isa = XCBuildConfiguration;
			buildSettings = {
				ALWAYS_EMBED_SWIFT_STANDARD_LIBRARIES = YES;
				DEVELOPMENT_TEAM = V83N2V5JCW;
				INFOPLIST_FILE = MyDoUITests/Info.plist;
				LD_RUNPATH_SEARCH_PATHS = "$(inherited) @executable_path/Frameworks @loader_path/Frameworks";
				PRODUCT_BUNDLE_IDENTIFIER = com.iamcrazymohan.MyDoUITests;
				PRODUCT_NAME = "$(TARGET_NAME)";
				SWIFT_VERSION = 3.0;
				TEST_TARGET_NAME = MyDo;
			};
			name = Debug;
		};
		018616941E0EFC0A00D9950A /* Release */ = {
			isa = XCBuildConfiguration;
			buildSettings = {
				ALWAYS_EMBED_SWIFT_STANDARD_LIBRARIES = YES;
				DEVELOPMENT_TEAM = V83N2V5JCW;
				INFOPLIST_FILE = MyDoUITests/Info.plist;
				LD_RUNPATH_SEARCH_PATHS = "$(inherited) @executable_path/Frameworks @loader_path/Frameworks";
				PRODUCT_BUNDLE_IDENTIFIER = com.iamcrazymohan.MyDoUITests;
				PRODUCT_NAME = "$(TARGET_NAME)";
				SWIFT_VERSION = 3.0;
				TEST_TARGET_NAME = MyDo;
			};
			name = Release;
		};
/* End XCBuildConfiguration section */

/* Begin XCConfigurationList section */
		0186165F1E0EFC0900D9950A /* Build configuration list for PBXProject "MyDo" */ = {
			isa = XCConfigurationList;
			buildConfigurations = (
				0186168A1E0EFC0A00D9950A /* Debug */,
				0186168B1E0EFC0A00D9950A /* Release */,
			);
			defaultConfigurationIsVisible = 0;
			defaultConfigurationName = Release;
		};
		0186168C1E0EFC0A00D9950A /* Build configuration list for PBXNativeTarget "MyDo" */ = {
			isa = XCConfigurationList;
			buildConfigurations = (
				0186168D1E0EFC0A00D9950A /* Debug */,
				0186168E1E0EFC0A00D9950A /* Release */,
			);
			defaultConfigurationIsVisible = 0;
			defaultConfigurationName = Release;
		};
		0186168F1E0EFC0A00D9950A /* Build configuration list for PBXNativeTarget "MyDoTests" */ = {
			isa = XCConfigurationList;
			buildConfigurations = (
				018616901E0EFC0A00D9950A /* Debug */,
				018616911E0EFC0A00D9950A /* Release */,
			);
			defaultConfigurationIsVisible = 0;
			defaultConfigurationName = Release;
		};
		018616921E0EFC0A00D9950A /* Build configuration list for PBXNativeTarget "MyDoUITests" */ = {
			isa = XCConfigurationList;
			buildConfigurations = (
				018616931E0EFC0A00D9950A /* Debug */,
				018616941E0EFC0A00D9950A /* Release */,
			);
			defaultConfigurationIsVisible = 0;
			defaultConfigurationName = Release;
		};
/* End XCConfigurationList section */

/* Begin XCVersionGroup section */
		013292661E140F4600F758D7 /* Model.xcdatamodeld */ = {
			isa = XCVersionGroup;
			children = (
				013292671E140F4600F758D7 /* Model.xcdatamodel */,
			);
			currentVersion = 013292671E140F4600F758D7 /* Model.xcdatamodel */;
			path = Model.xcdatamodeld;
			sourceTree = "<group>";
			versionGroupType = wrapper.xcdatamodel;
		};
/* End XCVersionGroup section */
	};
	rootObject = 0186165C1E0EFC0900D9950A /* Project object */;
}
